
Microsoft Visual Studio Solution File, Format Version 12.00
# Visual Studio Version 16
VisualStudioVersion = 16.0.30114.105
MinimumVisualStudioVersion = 10.0.40219.1
Project("{FAE04EC0-301F-11D3-BF4B-00C04F79EFBC}") = "BlogPessoal", "BlogPessoal\BlogPessoal.csproj", "{D260649B-23CC-401A-8E85-AF6F56679326}"
EndProject
Project("{FAE04EC0-301F-11D3-BF4B-00C04F79EFBC}") = "BlogPessoalTeste", "BlogPessoalTeste\BlogPessoalTeste.csproj", "{BDA6EE48-E9BC-4CB6-9BC6-D333B5ED2F82}"
EndProject
Global
	GlobalSection(SolutionConfigurationPlatforms) = preSolution
		Debug|Any CPU = Debug|Any CPU
		Release|Any CPU = Release|Any CPU
	EndGlobalSection
	GlobalSection(SolutionProperties) = preSolution
		HideSolutionNode = FALSE
	EndGlobalSection
	GlobalSection(ProjectConfigurationPlatforms) = postSolution
		{D260649B-23CC-401A-8E85-AF6F56679326}.Debug|Any CPU.ActiveCfg = Debug|Any CPU
		{D260649B-23CC-401A-8E85-AF6F56679326}.Debug|Any CPU.Build.0 = Debug|Any CPU
		{D260649B-23CC-401A-8E85-AF6F56679326}.Release|Any CPU.ActiveCfg = Release|Any CPU
		{D260649B-23CC-401A-8E85-AF6F56679326}.Release|Any CPU.Build.0 = Release|Any CPU
		{BDA6EE48-E9BC-4CB6-9BC6-D333B5ED2F82}.Debug|Any CPU.ActiveCfg = Debug|Any CPU
		{BDA6EE48-E9BC-4CB6-9BC6-D333B5ED2F82}.Debug|Any CPU.Build.0 = Debug|Any CPU
		{BDA6EE48-E9BC-4CB6-9BC6-D333B5ED2F82}.Release|Any CPU.ActiveCfg = Release|Any CPU
		{BDA6EE48-E9BC-4CB6-9BC6-D333B5ED2F82}.Release|Any CPU.Build.0 = Release|Any CPU
	EndGlobalSection
EndGlobal
